// !$*UTF8*$!
{
	archiveVersion = 1;
	classes = {
	};
	objectVersion = 46;
	objects = {

/* Begin PBXBuildFile section */
		FF9D39681996F5A00097A6C9 /* Foundation.framework in Frameworks */ = {isa = PBXBuildFile; fileRef = FF9D39671996F5A00097A6C9 /* Foundation.framework */; };
		FF9D396A1996F5A00097A6C9 /* CoreGraphics.framework in Frameworks */ = {isa = PBXBuildFile; fileRef = FF9D39691996F5A00097A6C9 /* CoreGraphics.framework */; };
		FF9D396C1996F5A00097A6C9 /* UIKit.framework in Frameworks */ = {isa = PBXBuildFile; fileRef = FF9D396B1996F5A00097A6C9 /* UIKit.framework */; };
		FF9D39721996F5A00097A6C9 /* InfoPlist.strings in Resources */ = {isa = PBXBuildFile; fileRef = FF9D39701996F5A00097A6C9 /* InfoPlist.strings */; };
		FF9D39741996F5A00097A6C9 /* main.m in Sources */ = {isa = PBXBuildFile; fileRef = FF9D39731996F5A00097A6C9 /* main.m */; };
		FF9D39781996F5A00097A6C9 /* AppDelegate.m in Sources */ = {isa = PBXBuildFile; fileRef = FF9D39771996F5A00097A6C9 /* AppDelegate.m */; };
		FF9D397A1996F5A00097A6C9 /* Images.xcassets in Resources */ = {isa = PBXBuildFile; fileRef = FF9D39791996F5A00097A6C9 /* Images.xcassets */; };
		FF9D39811996F5A00097A6C9 /* XCTest.framework in Frameworks */ = {isa = PBXBuildFile; fileRef = FF9D39801996F5A00097A6C9 /* XCTest.framework */; };
		FF9D39821996F5A00097A6C9 /* Foundation.framework in Frameworks */ = {isa = PBXBuildFile; fileRef = FF9D39671996F5A00097A6C9 /* Foundation.framework */; };
		FF9D39831996F5A00097A6C9 /* UIKit.framework in Frameworks */ = {isa = PBXBuildFile; fileRef = FF9D396B1996F5A00097A6C9 /* UIKit.framework */; };
		FF9D398B1996F5A00097A6C9 /* InfoPlist.strings in Resources */ = {isa = PBXBuildFile; fileRef = FF9D39891996F5A00097A6C9 /* InfoPlist.strings */; };
		FF9D398D1996F5A00097A6C9 /* gamematomeTests.m in Sources */ = {isa = PBXBuildFile; fileRef = FF9D398C1996F5A00097A6C9 /* gamematomeTests.m */; };
/* End PBXBuildFile section */

/* Begin PBXContainerItemProxy section */
		FF9D39841996F5A00097A6C9 /* PBXContainerItemProxy */ = {
			isa = PBXContainerItemProxy;
			containerPortal = FF9D395C1996F5A00097A6C9 /* Project object */;
			proxyType = 1;
			remoteGlobalIDString = FF9D39631996F5A00097A6C9;
			remoteInfo = gamematome;
		};
/* End PBXContainerItemProxy section */

/* Begin PBXFileReference section */
		FF9D39641996F5A00097A6C9 /* gamematome.app */ = {isa = PBXFileReference; explicitFileType = wrapper.application; includeInIndex = 0; path = gamematome.app; sourceTree = BUILT_PRODUCTS_DIR; };
		FF9D39671996F5A00097A6C9 /* Foundation.framework */ = {isa = PBXFileReference; lastKnownFileType = wrapper.framework; name = Foundation.framework; path = System/Library/Frameworks/Foundation.framework; sourceTree = SDKROOT; };
		FF9D39691996F5A00097A6C9 /* CoreGraphics.framework */ = {isa = PBXFileReference; lastKnownFileType = wrapper.framework; name = CoreGraphics.framework; path = System/Library/Frameworks/CoreGraphics.framework; sourceTree = SDKROOT; };
		FF9D396B1996F5A00097A6C9 /* UIKit.framework */ = {isa = PBXFileReference; lastKnownFileType = wrapper.framework; name = UIKit.framework; path = System/Library/Frameworks/UIKit.framework; sourceTree = SDKROOT; };
		FF9D396F1996F5A00097A6C9 /* gamematome-Info.plist */ = {isa = PBXFileReference; lastKnownFileType = text.plist.xml; path = "gamematome-Info.plist"; sourceTree = "<group>"; };
		FF9D39711996F5A00097A6C9 /* en */ = {isa = PBXFileReference; lastKnownFileType = text.plist.strings; name = en; path = en.lproj/InfoPlist.strings; sourceTree = "<group>"; };
		FF9D39731996F5A00097A6C9 /* main.m */ = {isa = PBXFileReference; lastKnownFileType = sourcecode.c.objc; path = main.m; sourceTree = "<group>"; };
		FF9D39751996F5A00097A6C9 /* gamematome-Prefix.pch */ = {isa = PBXFileReference; lastKnownFileType = sourcecode.c.h; path = "gamematome-Prefix.pch"; sourceTree = "<group>"; };
		FF9D39761996F5A00097A6C9 /* AppDelegate.h */ = {isa = PBXFileReference; lastKnownFileType = sourcecode.c.h; path = AppDelegate.h; sourceTree = "<group>"; };
		FF9D39771996F5A00097A6C9 /* AppDelegate.m */ = {isa = PBXFileReference; lastKnownFileType = sourcecode.c.objc; path = AppDelegate.m; sourceTree = "<group>"; };
		FF9D39791996F5A00097A6C9 /* Images.xcassets */ = {isa = PBXFileReference; lastKnownFileType = folder.assetcatalog; path = Images.xcassets; sourceTree = "<group>"; };
		FF9D397F1996F5A00097A6C9 /* gamematomeTests.xctest */ = {isa = PBXFileReference; explicitFileType = wrapper.cfbundle; includeInIndex = 0; path = gamematomeTests.xctest; sourceTree = BUILT_PRODUCTS_DIR; };
		FF9D39801996F5A00097A6C9 /* XCTest.framework */ = {isa = PBXFileReference; lastKnownFileType = wrapper.framework; name = XCTest.framework; path = Library/Frameworks/XCTest.framework; sourceTree = DEVELOPER_DIR; };
		FF9D39881996F5A00097A6C9 /* gamematomeTests-Info.plist */ = {isa = PBXFileReference; lastKnownFileType = text.plist.xml; path = "gamematomeTests-Info.plist"; sourceTree = "<group>"; };
		FF9D398A1996F5A00097A6C9 /* en */ = {isa = PBXFileReference; lastKnownFileType = text.plist.strings; name = en; path = en.lproj/InfoPlist.strings; sourceTree = "<group>"; };
		FF9D398C1996F5A00097A6C9 /* gamematomeTests.m */ = {isa = PBXFileReference; lastKnownFileType = sourcecode.c.objc; path = gamematomeTests.m; sourceTree = "<group>"; };
/* End PBXFileReference section */

/* Begin PBXFrameworksBuildPhase section */
		FF9D39611996F5A00097A6C9 /* Frameworks */ = {
			isa = PBXFrameworksBuildPhase;
			buildActionMask = 2147483647;
			files = (
				FF9D396A1996F5A00097A6C9 /* CoreGraphics.framework in Frameworks */,
				FF9D396C1996F5A00097A6C9 /* UIKit.framework in Frameworks */,
				FF9D39681996F5A00097A6C9 /* Foundation.framework in Frameworks */,
			);
			runOnlyForDeploymentPostprocessing = 0;
		};
		FF9D397C1996F5A00097A6C9 /* Frameworks */ = {
			isa = PBXFrameworksBuildPhase;
			buildActionMask = 2147483647;
			files = (
				FF9D39811996F5A00097A6C9 /* XCTest.framework in Frameworks */,
				FF9D39831996F5A00097A6C9 /* UIKit.framework in Frameworks */,
				FF9D39821996F5A00097A6C9 /* Foundation.framework in Frameworks */,
			);
			runOnlyForDeploymentPostprocessing = 0;
		};
/* End PBXFrameworksBuildPhase section */

/* Begin PBXGroup section */
		FF9D395B1996F5A00097A6C9 = {
			isa = PBXGroup;
			children = (
				FF9D396D1996F5A00097A6C9 /* gamematome */,
				FF9D39861996F5A00097A6C9 /* gamematomeTests */,
				FF9D39661996F5A00097A6C9 /* Frameworks */,
				FF9D39651996F5A00097A6C9 /* Products */,
			);
			sourceTree = "<group>";
		};
		FF9D39651996F5A00097A6C9 /* Products */ = {
			isa = PBXGroup;
			children = (
				FF9D39641996F5A00097A6C9 /* gamematome.app */,
				FF9D397F1996F5A00097A6C9 /* gamematomeTests.xctest */,
			);
			name = Products;
			sourceTree = "<group>";
		};
		FF9D39661996F5A00097A6C9 /* Frameworks */ = {
			isa = PBXGroup;
			children = (
				FF9D39671996F5A00097A6C9 /* Foundation.framework */,
				FF9D39691996F5A00097A6C9 /* CoreGraphics.framework */,
				FF9D396B1996F5A00097A6C9 /* UIKit.framework */,
				FF9D39801996F5A00097A6C9 /* XCTest.framework */,
			);
			name = Frameworks;
			sourceTree = "<group>";
		};
		FF9D396D1996F5A00097A6C9 /* gamematome */ = {
			isa = PBXGroup;
			children = (
				FF9D39761996F5A00097A6C9 /* AppDelegate.h */,
				FF9D39771996F5A00097A6C9 /* AppDelegate.m */,
				FF9D39791996F5A00097A6C9 /* Images.xcassets */,
				FF9D396E1996F5A00097A6C9 /* Supporting Files */,
			);
			path = gamematome;
			sourceTree = "<group>";
		};
		FF9D396E1996F5A00097A6C9 /* Supporting Files */ = {
			isa = PBXGroup;
			children = (
				FF9D396F1996F5A00097A6C9 /* gamematome-Info.plist */,
				FF9D39701996F5A00097A6C9 /* InfoPlist.strings */,
				FF9D39731996F5A00097A6C9 /* main.m */,
				FF9D39751996F5A00097A6C9 /* gamematome-Prefix.pch */,
			);
			name = "Supporting Files";
			sourceTree = "<group>";
		};
		FF9D39861996F5A00097A6C9 /* gamematomeTests */ = {
			isa = PBXGroup;
			children = (
				FF9D398C1996F5A00097A6C9 /* gamematomeTests.m */,
				FF9D39871996F5A00097A6C9 /* Supporting Files */,
			);
			path = gamematomeTests;
			sourceTree = "<group>";
		};
		FF9D39871996F5A00097A6C9 /* Supporting Files */ = {
			isa = PBXGroup;
			children = (
				FF9D39881996F5A00097A6C9 /* gamematomeTests-Info.plist */,
				FF9D39891996F5A00097A6C9 /* InfoPlist.strings */,
			);
			name = "Supporting Files";
			sourceTree = "<group>";
		};
/* End PBXGroup section */

/* Begin PBXNativeTarget section */
		FF9D39631996F5A00097A6C9 /* gamematome */ = {
			isa = PBXNativeTarget;
			buildConfigurationList = FF9D39901996F5A00097A6C9 /* Build configuration list for PBXNativeTarget "gamematome" */;
			buildPhases = (
				FF9D39601996F5A00097A6C9 /* Sources */,
				FF9D39611996F5A00097A6C9 /* Frameworks */,
				FF9D39621996F5A00097A6C9 /* Resources */,
			);
			buildRules = (
			);
			dependencies = (
			);
			name = gamematome;
			productName = gamematome;
			productReference = FF9D39641996F5A00097A6C9 /* gamematome.app */;
			productType = "com.apple.product-type.application";
		};
		FF9D397E1996F5A00097A6C9 /* gamematomeTests */ = {
			isa = PBXNativeTarget;
			buildConfigurationList = FF9D39931996F5A00097A6C9 /* Build configuration list for PBXNativeTarget "gamematomeTests" */;
			buildPhases = (
				FF9D397B1996F5A00097A6C9 /* Sources */,
				FF9D397C1996F5A00097A6C9 /* Frameworks */,
				FF9D397D1996F5A00097A6C9 /* Resources */,
			);
			buildRules = (
			);
			dependencies = (
				FF9D39851996F5A00097A6C9 /* PBXTargetDependency */,
			);
			name = gamematomeTests;
			productName = gamematomeTests;
			productReference = FF9D397F1996F5A00097A6C9 /* gamematomeTests.xctest */;
			productType = "com.apple.product-type.bundle.unit-test";
		};
/* End PBXNativeTarget section */

/* Begin PBXProject section */
		FF9D395C1996F5A00097A6C9 /* Project object */ = {
			isa = PBXProject;
			attributes = {
				LastUpgradeCheck = 0510;
				ORGANIZATIONNAME = "Hiroyuki Yahagi";
				TargetAttributes = {
					FF9D397E1996F5A00097A6C9 = {
						TestTargetID = FF9D39631996F5A00097A6C9;
					};
				};
			};
			buildConfigurationList = FF9D395F1996F5A00097A6C9 /* Build configuration list for PBXProject "gamematome" */;
			compatibilityVersion = "Xcode 3.2";
			developmentRegion = English;
			hasScannedForEncodings = 0;
			knownRegions = (
				en,
			);
			mainGroup = FF9D395B1996F5A00097A6C9;
			productRefGroup = FF9D39651996F5A00097A6C9 /* Products */;
			projectDirPath = "";
			projectRoot = "";
			targets = (
				FF9D39631996F5A00097A6C9 /* gamematome */,
				FF9D397E1996F5A00097A6C9 /* gamematomeTests */,
			);
		};
/* End PBXProject section */

/* Begin PBXResourcesBuildPhase section */
		FF9D39621996F5A00097A6C9 /* Resources */ = {
			isa = PBXResourcesBuildPhase;
			buildActionMask = 2147483647;
			files = (
				FF9D39721996F5A00097A6C9 /* InfoPlist.strings in Resources */,
				FF9D397A1996F5A00097A6C9 /* Images.xcassets in Resources */,
			);
			runOnlyForDeploymentPostprocessing = 0;
		};
		FF9D397D1996F5A00097A6C9 /* Resources */ = {
			isa = PBXResourcesBuildPhase;
			buildActionMask = 2147483647;
			files = (
				FF9D398B1996F5A00097A6C9 /* InfoPlist.strings in Resources */,
			);
			runOnlyForDeploymentPostprocessing = 0;
		};
/* End PBXResourcesBuildPhase section */

/* Begin PBXSourcesBuildPhase section */
		FF9D39601996F5A00097A6C9 /* Sources */ = {
			isa = PBXSourcesBuildPhase;
			buildActionMask = 2147483647;
			files = (
				FF9D39781996F5A00097A6C9 /* AppDelegate.m in Sources */,
				FF9D39741996F5A00097A6C9 /* main.m in Sources */,
			);
			runOnlyForDeploymentPostprocessing = 0;
		};
		FF9D397B1996F5A00097A6C9 /* Sources */ = {
			isa = PBXSourcesBuildPhase;
			buildActionMask = 2147483647;
			files = (
				FF9D398D1996F5A00097A6C9 /* gamematomeTests.m in Sources */,
			);
			runOnlyForDeploymentPostprocessing = 0;
		};
/* End PBXSourcesBuildPhase section */

/* Begin PBXTargetDependency section */
		FF9D39851996F5A00097A6C9 /* PBXTargetDependency */ = {
			isa = PBXTargetDependency;
			target = FF9D39631996F5A00097A6C9 /* gamematome */;
			targetProxy = FF9D39841996F5A00097A6C9 /* PBXContainerItemProxy */;
		};
/* End PBXTargetDependency section */

/* Begin PBXVariantGroup section */
		FF9D39701996F5A00097A6C9 /* InfoPlist.strings */ = {
			isa = PBXVariantGroup;
			children = (
				FF9D39711996F5A00097A6C9 /* en */,
			);
			name = InfoPlist.strings;
			sourceTree = "<group>";
		};
		FF9D39891996F5A00097A6C9 /* InfoPlist.strings */ = {
			isa = PBXVariantGroup;
			children = (
				FF9D398A1996F5A00097A6C9 /* en */,
			);
			name = InfoPlist.strings;
			sourceTree = "<group>";
		};
/* End PBXVariantGroup section */

/* Begin XCBuildConfiguration section */
		FF9D398E1996F5A00097A6C9 /* Debug */ = {
			isa = XCBuildConfiguration;
			buildSettings = {
				ALWAYS_SEARCH_USER_PATHS = NO;
				CLANG_CXX_LANGUAGE_STANDARD = "gnu++0x";
				CLANG_CXX_LIBRARY = "libc++";
				CLANG_ENABLE_MODULES = YES;
				CLANG_ENABLE_OBJC_ARC = YES;
				CLANG_WARN_BOOL_CONVERSION = YES;
				CLANG_WARN_CONSTANT_CONVERSION = YES;
				CLANG_WARN_DIRECT_OBJC_ISA_USAGE = YES_ERROR;
				CLANG_WARN_EMPTY_BODY = YES;
				CLANG_WARN_ENUM_CONVERSION = YES;
				CLANG_WARN_INT_CONVERSION = YES;
				CLANG_WARN_OBJC_ROOT_CLASS = YES_ERROR;
				CLANG_WARN__DUPLICATE_METHOD_MATCH = YES;
				"CODE_SIGN_IDENTITY[sdk=iphoneos*]" = "iPhone Developer";
				COPY_PHASE_STRIP = NO;
				GCC_C_LANGUAGE_STANDARD = gnu99;
				GCC_DYNAMIC_NO_PIC = NO;
				GCC_OPTIMIZATION_LEVEL = 0;
				GCC_PREPROCESSOR_DEFINITIONS = (
					"DEBUG=1",
					"$(inherited)",
				);
				GCC_SYMBOLS_PRIVATE_EXTERN = NO;
				GCC_WARN_64_TO_32_BIT_CONVERSION = YES;
				GCC_WARN_ABOUT_RETURN_TYPE = YES_ERROR;
				GCC_WARN_UNDECLARED_SELECTOR = YES;
				GCC_WARN_UNINITIALIZED_AUTOS = YES_AGGRESSIVE;
				GCC_WARN_UNUSED_FUNCTION = YES;
				GCC_WARN_UNUSED_VARIABLE = YES;
				IPHONEOS_DEPLOYMENT_TARGET = 7.1;
				ONLY_ACTIVE_ARCH = YES;
				SDKROOT = iphoneos;
			};
			name = Debug;
		};
		FF9D398F1996F5A00097A6C9 /* Release */ = {
			isa = XCBuildConfiguration;
			buildSettings = {
				ALWAYS_SEARCH_USER_PATHS = NO;
				CLANG_CXX_LANGUAGE_STANDARD = "gnu++0x";
				CLANG_CXX_LIBRARY = "libc++";
				CLANG_ENABLE_MODULES = YES;
				CLANG_ENABLE_OBJC_ARC = YES;
				CLANG_WARN_BOOL_CONVERSION = YES;
				CLANG_WARN_CONSTANT_CONVERSION = YES;
				CLANG_WARN_DIRECT_OBJC_ISA_USAGE = YES_ERROR;
				CLANG_WARN_EMPTY_BODY = YES;
				CLANG_WARN_ENUM_CONVERSION = YES;
				CLANG_WARN_INT_CONVERSION = YES;
				CLANG_WARN_OBJC_ROOT_CLASS = YES_ERROR;
				CLANG_WARN__DUPLICATE_METHOD_MATCH = YES;
				"CODE_SIGN_IDENTITY[sdk=iphoneos*]" = "iPhone Developer";
				COPY_PHASE_STRIP = YES;
				ENABLE_NS_ASSERTIONS = NO;
				GCC_C_LANGUAGE_STANDARD = gnu99;
				GCC_WARN_64_TO_32_BIT_CONVERSION = YES;
				GCC_WARN_ABOUT_RETURN_TYPE = YES_ERROR;
				GCC_WARN_UNDECLARED_SELECTOR = YES;
				GCC_WARN_UNINITIALIZED_AUTOS = YES_AGGRESSIVE;
				GCC_WARN_UNUSED_FUNCTION = YES;
				GCC_WARN_UNUSED_VARIABLE = YES;
				IPHONEOS_DEPLOYMENT_TARGET = 7.1;
				SDKROOT = iphoneos;
				VALIDATE_PRODUCT = YES;
			};
			name = Release;
		};
		FF9D39911996F5A00097A6C9 /* Debug */ = {
			isa = XCBuildConfiguration;
			buildSettings = {
				ASSETCATALOG_COMPILER_APPICON_NAME = AppIcon;
				ASSETCATALOG_COMPILER_LAUNCHIMAGE_NAME = LaunchImage;
				GCC_PRECOMPILE_PREFIX_HEADER = YES;
				GCC_PREFIX_HEADER = "gamematome/gamematome-Prefix.pch";
				INFOPLIST_FILE = "gamematome/gamematome-Info.plist";
				PRODUCT_NAME = "$(TARGET_NAME)";
				WRAPPER_EXTENSION = app;
			};
			name = Debug;
		};
		FF9D39921996F5A00097A6C9 /* Release */ = {
			isa = XCBuildConfiguration;
			buildSettings = {
				ASSETCATALOG_COMPILER_APPICON_NAME = AppIcon;
				ASSETCATALOG_COMPILER_LAUNCHIMAGE_NAME = LaunchImage;
				GCC_PRECOMPILE_PREFIX_HEADER = YES;
				GCC_PREFIX_HEADER = "gamematome/gamematome-Prefix.pch";
				INFOPLIST_FILE = "gamematome/gamematome-Info.plist";
				PRODUCT_NAME = "$(TARGET_NAME)";
				WRAPPER_EXTENSION = app;
			};
			name = Release;
		};
		FF9D39941996F5A00097A6C9 /* Debug */ = {
			isa = XCBuildConfiguration;
			buildSettings = {
				BUNDLE_LOADER = "$(BUILT_PRODUCTS_DIR)/gamematome.app/gamematome";
				FRAMEWORK_SEARCH_PATHS = (
					"$(SDKROOT)/Developer/Library/Frameworks",
					"$(inherited)",
					"$(DEVELOPER_FRAMEWORKS_DIR)",
				);
				GCC_PRECOMPILE_PREFIX_HEADER = YES;
				GCC_PREFIX_HEADER = "gamematome/gamematome-Prefix.pch";
				GCC_PREPROCESSOR_DEFINITIONS = (
					"DEBUG=1",
					"$(inherited)",
				);
				INFOPLIST_FILE = "gamematomeTests/gamematomeTests-Info.plist";
				PRODUCT_NAME = "$(TARGET_NAME)";
				TEST_HOST = "$(BUNDLE_LOADER)";
				WRAPPER_EXTENSION = xctest;
			};
			name = Debug;
		};
		FF9D39951996F5A00097A6C9 /* Release */ = {
			isa = XCBuildConfiguration;
			buildSettings = {
				BUNDLE_LOADER = "$(BUILT_PRODUCTS_DIR)/gamematome.app/gamematome";
				FRAMEWORK_SEARCH_PATHS = (
					"$(SDKROOT)/Developer/Library/Frameworks",
					"$(inherited)",
					"$(DEVELOPER_FRAMEWORKS_DIR)",
				);
				GCC_PRECOMPILE_PREFIX_HEADER = YES;
				GCC_PREFIX_HEADER = "gamematome/gamematome-Prefix.pch";
				INFOPLIST_FILE = "gamematomeTests/gamematomeTests-Info.plist";
				PRODUCT_NAME = "$(TARGET_NAME)";
				TEST_HOST = "$(BUNDLE_LOADER)";
				WRAPPER_EXTENSION = xctest;
			};
			name = Release;
		};
/* End XCBuildConfiguration section */

/* Begin XCConfigurationList section */
		FF9D395F1996F5A00097A6C9 /* Build configuration list for PBXProject "gamematome" */ = {
			isa = XCConfigurationList;
			buildConfigurations = (
				FF9D398E1996F5A00097A6C9 /* Debug */,
				FF9D398F1996F5A00097A6C9 /* Release */,
			);
			defaultConfigurationIsVisible = 0;
			defaultConfigurationName = Release;
		};
		FF9D39901996F5A00097A6C9 /* Build configuration list for PBXNativeTarget "gamematome" */ = {
			isa = XCConfigurationList;
			buildConfigurations = (
				FF9D39911996F5A00097A6C9 /* Debug */,
				FF9D39921996F5A00097A6C9 /* Release */,
			);
			defaultConfigurationIsVisible = 0;
		};
		FF9D39931996F5A00097A6C9 /* Build configuration list for PBXNativeTarget "gamematomeTests" */ = {
			isa = XCConfigurationList;
			buildConfigurations = (
				FF9D39941996F5A00097A6C9 /* Debug */,
				FF9D39951996F5A00097A6C9 /* Release */,
			);
			defaultConfigurationIsVisible = 0;
		};
/* End XCConfigurationList section */
	};
	rootObject = FF9D395C1996F5A00097A6C9 /* Project object */;
}
